{
  "lockfileVersion": 1,
  "configVersion": 1,
  "workspaces": {
    "": {
      "name": "kipita-web",
      "dependencies": {
        "@lovable.dev/cloud-auth-js": "^1.1.2",
        "@supabase/supabase-js": "^2.99.3",
        "@tailwindcss/container-queries": "^0.1.1",
        "leaflet": "^1.9.4",
        "lucide-react": "^0.462.0",
        "react": "^18.3.1",
        "react-dom": "^18.3.1",
        "react-router-dom": "^6.26.2",
      },
      "devDependencies": {
        "@types/leaflet": "^1.9.12",
        "@types/react": "^18.3.12",
        "@types/react-dom": "^18.3.1",
        "@vitejs/plugin-react-swc": "^3.5.0",
        "autoprefixer": "^10.4.20",
        "postcss": "^8.4.49",
        "tailwindcss": "^3.4.15",
        "typescript": "^5.6.3",
        "vite": "^5.4.11",
      },
    },
  },
  "packages": {
    "@alloc/quick-lru": ["@alloc/quick-lru@5.2.0", "https://europe-west4-npm.pkg.dev/lovable-core-prod/sandbox-npm-cache/@alloc/quick-lru/-/quick-lru-5.2.0.tgz", {}, ""],

    "@esbuild/aix-ppc64": ["@esbuild/aix-ppc64@0.21.5", "", { "os": "aix", "cpu": "ppc64" }, "sha512-1SDgH6ZSPTlggy1yI6+Dbkiz8xzpHJEVAlF/AM1tHPLsf5STom9rwtjE4hKAF20FfXXNTFqEYXyJNWh1GiZedQ=="],

    "@esbuild/android-arm": ["@esbuild/android-arm@0.21.5", "", { "os": "android", "cpu": "arm" }, "sha512-vCPvzSjpPHEi1siZdlvAlsPxXl7WbOVUBBAowWug4rJHb68Ox8KualB+1ocNvT5fjv6wpkX6o/iEpbDrf68zcg=="],

    "@esbuild/android-arm64": ["@esbuild/android-arm64@0.21.5", "", { "os": "android", "cpu": "arm64" }, "sha512-c0uX9VAUBQ7dTDCjq+wdyGLowMdtR/GoC2U5IYk/7D1H1JYC0qseD7+11iMP2mRLN9RcCMRcjC4YMclCzGwS/A=="],

    "@esbuild/android-x64": ["@esbuild/android-x64@0.21.5", "", { "os": "android", "cpu": "x64" }, "sha512-D7aPRUUNHRBwHxzxRvp856rjUHRFW1SdQATKXH2hqA0kAZb1hKmi02OpYRacl0TxIGz/ZmXWlbZgjwWYaCakTA=="],

    "@esbuild/darwin-arm64": ["@esbuild/darwin-arm64@0.21.5", "", { "os": "darwin", "cpu": "arm64" }, "sha512-DwqXqZyuk5AiWWf3UfLiRDJ5EDd49zg6O9wclZ7kUMv2WRFr4HKjXp/5t8JZ11QbQfUS6/cRCKGwYhtNAY88kQ=="],

    "@esbuild/darwin-x64": ["@esbuild/darwin-x64@0.21.5", "", { "os": "darwin", "cpu": "x64" }, "sha512-se/JjF8NlmKVG4kNIuyWMV/22ZaerB+qaSi5MdrXtd6R08kvs2qCN4C09miupktDitvh8jRFflwGFBQcxZRjbw=="],

    "@esbuild/freebsd-arm64": ["@esbuild/freebsd-arm64@0.21.5", "", { "os": "freebsd", "cpu": "arm64" }, "sha512-5JcRxxRDUJLX8JXp/wcBCy3pENnCgBR9bN6JsY4OmhfUtIHe3ZW0mawA7+RDAcMLrMIZaf03NlQiX9DGyB8h4g=="],

    "@esbuild/freebsd-x64": ["@esbuild/freebsd-x64@0.21.5", "", { "os": "freebsd", "cpu": "x64" }, "sha512-J95kNBj1zkbMXtHVH29bBriQygMXqoVQOQYA+ISs0/2l3T9/kj42ow2mpqerRBxDJnmkUDCaQT/dfNXWX/ZZCQ=="],

    "@esbuild/linux-arm": ["@esbuild/linux-arm@0.21.5", "", { "os": "linux", "cpu": "arm" }, "sha512-bPb5AHZtbeNGjCKVZ9UGqGwo8EUu4cLq68E95A53KlxAPRmUyYv2D6F0uUI65XisGOL1hBP5mTronbgo+0bFcA=="],

    "@esbuild/linux-arm64": ["@esbuild/linux-arm64@0.21.5", "", { "os": "linux", "cpu": "arm64" }, "sha512-ibKvmyYzKsBeX8d8I7MH/TMfWDXBF3db4qM6sy+7re0YXya+K1cem3on9XgdT2EQGMu4hQyZhan7TeQ8XkGp4Q=="],

    "@esbuild/linux-ia32": ["@esbuild/linux-ia32@0.21.5", "", { "os": "linux", "cpu": "ia32" }, "sha512-YvjXDqLRqPDl2dvRODYmmhz4rPeVKYvppfGYKSNGdyZkA01046pLWyRKKI3ax8fbJoK5QbxblURkwK/MWY18Tg=="],

    "@esbuild/linux-loong64": ["@esbuild/linux-loong64@0.21.5", "", { "os": "linux", "cpu": "none" }, "sha512-uHf1BmMG8qEvzdrzAqg2SIG/02+4/DHB6a9Kbya0XDvwDEKCoC8ZRWI5JJvNdUjtciBGFQ5PuBlpEOXQj+JQSg=="],

    "@esbuild/linux-mips64el": ["@esbuild/linux-mips64el@0.21.5", "", { "os": "linux", "cpu": "none" }, "sha512-IajOmO+KJK23bj52dFSNCMsz1QP1DqM6cwLUv3W1QwyxkyIWecfafnI555fvSGqEKwjMXVLokcV5ygHW5b3Jbg=="],

    "@esbuild/linux-ppc64": ["@esbuild/linux-ppc64@0.21.5", "", { "os": "linux", "cpu": "ppc64" }, "sha512-1hHV/Z4OEfMwpLO8rp7CvlhBDnjsC3CttJXIhBi+5Aj5r+MBvy4egg7wCbe//hSsT+RvDAG7s81tAvpL2XAE4w=="],

    "@esbuild/linux-riscv64": ["@esbuild/linux-riscv64@0.21.5", "", { "os": "linux", "cpu": "none" }, "sha512-2HdXDMd9GMgTGrPWnJzP2ALSokE/0O5HhTUvWIbD3YdjME8JwvSCnNGBnTThKGEB91OZhzrJ4qIIxk/SBmyDDA=="],

    "@esbuild/linux-s390x": ["@esbuild/linux-s390x@0.21.5", "", { "os": "linux", "cpu": "s390x" }, "sha512-zus5sxzqBJD3eXxwvjN1yQkRepANgxE9lgOW2qLnmr8ikMTphkjgXu1HR01K4FJg8h1kEEDAqDcZQtbrRnB41A=="],

    "@esbuild/linux-x64": ["@esbuild/linux-x64@0.21.5", "https://europe-west4-npm.pkg.dev/lovable-core-prod/sandbox-npm-cache/@esbuild/linux-x64/-/linux-x64-0.21.5.tgz", { "os": "linux", "cpu": "x64" }, ""],

    "@esbuild/netbsd-x64": ["@esbuild/netbsd-x64@0.21.5", "", { "os": "none", "cpu": "x64" }, "sha512-Woi2MXzXjMULccIwMnLciyZH4nCIMpWQAs049KEeMvOcNADVxo0UBIQPfSmxB3CWKedngg7sWZdLvLczpe0tLg=="],

    "@esbuild/openbsd-x64": ["@esbuild/openbsd-x64@0.21.5", "", { "os": "openbsd", "cpu": "x64" }, "sha512-HLNNw99xsvx12lFBUwoT8EVCsSvRNDVxNpjZ7bPn947b8gJPzeHWyNVhFsaerc0n3TsbOINvRP2byTZ5LKezow=="],

    "@esbuild/sunos-x64": ["@esbuild/sunos-x64@0.21.5", "", { "os": "sunos", "cpu": "x64" }, "sha512-6+gjmFpfy0BHU5Tpptkuh8+uw3mnrvgs+dSPQXQOv3ekbordwnzTVEb4qnIvQcYXq6gzkyTnoZ9dZG+D4garKg=="],

    "@esbuild/win32-arm64": ["@esbuild/win32-arm64@0.21.5", "", { "os": "win32", "cpu": "arm64" }, "sha512-Z0gOTd75VvXqyq7nsl93zwahcTROgqvuAcYDUr+vOv8uHhNSKROyU961kgtCD1e95IqPKSQKH7tBTslnS3tA8A=="],

    "@esbuild/win32-ia32": ["@esbuild/win32-ia32@0.21.5", "", { "os": "win32", "cpu": "ia32" }, "sha512-SWXFF1CL2RVNMaVs+BBClwtfZSvDgtL//G/smwAc5oVK/UPu2Gu9tIaRgFmYFFKrmg3SyAjSrElf0TiJ1v8fYA=="],

    "@esbuild/win32-x64": ["@esbuild/win32-x64@0.21.5", "", { "os": "win32", "cpu": "x64" }, "sha512-tQd/1efJuzPC6rCFwEvLtci/xNFcTZknmXs98FYDfGE4wP9ClFV98nyKrzJKVPMhdDnjzLhdUyMX4PsQAPjwIw=="],

    "@jridgewell/gen-mapping": ["@jridgewell/gen-mapping@0.3.13", "https://europe-west4-npm.pkg.dev/lovable-core-prod/sandbox-npm-cache/@jridgewell/gen-mapping/-/gen-mapping-0.3.13.tgz", { "dependencies": { "@jridgewell/sourcemap-codec": "^1.5.0", "@jridgewell/trace-mapping": "^0.3.24" } }, ""],

    "@jridgewell/resolve-uri": ["@jridgewell/resolve-uri@3.1.2", "https://europe-west4-npm.pkg.dev/lovable-core-prod/sandbox-npm-cache/@jridgewell/resolve-uri/-/resolve-uri-3.1.2.tgz", {}, ""],

    "@jridgewell/sourcemap-codec": ["@jridgewell/sourcemap-codec@1.5.5", "https://europe-west4-npm.pkg.dev/lovable-core-prod/sandbox-npm-cache/@jridgewell/sourcemap-codec/-/sourcemap-codec-1.5.5.tgz", {}, ""],

    "@jridgewell/trace-mapping": ["@jridgewell/trace-mapping@0.3.31", "https://europe-west4-npm.pkg.dev/lovable-core-prod/sandbox-npm-cache/@jridgewell/trace-mapping/-/trace-mapping-0.3.31.tgz", { "dependencies": { "@jridgewell/resolve-uri": "^3.1.0", "@jridgewell/sourcemap-codec": "^1.4.14" } }, ""],

    "@lovable.dev/cloud-auth-js": ["@lovable.dev/cloud-auth-js@1.1.2", "https://europe-west1-npm.pkg.dev/lovable-core-prod/sandbox-npm-cache/@lovable.dev/cloud-auth-js/-/cloud-auth-js-1.1.2.tgz", {}, "sha512-xz8ocewsgwkp8giau272/eWWU3XrchCg5uba4yQPPYtevHTXaVU3sD+fO1JjyPBHacVcOcwhmgUiU9TKHt63cg=="],

    "@nodelib/fs.scandir": ["@nodelib/fs.scandir@2.1.5", "https://europe-west4-npm.pkg.dev/lovable-core-prod/sandbox-npm-cache/@nodelib/fs.scandir/-/fs.scandir-2.1.5.tgz", { "dependencies": { "@nodelib/fs.stat": "2.0.5", "run-parallel": "^1.1.9" } }, ""],

    "@nodelib/fs.stat": ["@nodelib/fs.stat@2.0.5", "https://europe-west4-npm.pkg.dev/lovable-core-prod/sandbox-npm-cache/@nodelib/fs.stat/-/fs.stat-2.0.5.tgz", {}, ""],

    "@nodelib/fs.walk": ["@nodelib/fs.walk@1.2.8", "https://europe-west4-npm.pkg.dev/lovable-core-prod/sandbox-npm-cache/@nodelib/fs.walk/-/fs.walk-1.2.8.tgz", { "dependencies": { "@nodelib/fs.scandir": "2.1.5", "fastq": "^1.6.0" } }, ""],

    "@remix-run/router": ["@remix-run/router@1.23.2", "https://europe-west4-npm.pkg.dev/lovable-core-prod/sandbox-npm-cache/@remix-run/router/-/router-1.23.2.tgz", {}, ""],

    "@rolldown/pluginutils": ["@rolldown/pluginutils@1.0.0-beta.27", "https://europe-west4-npm.pkg.dev/lovable-core-prod/sandbox-npm-cache/@rolldown/pluginutils/-/pluginutils-1.0.0-beta.27.tgz", {}, ""],

    "@rollup/rollup-android-arm-eabi": ["@rollup/rollup-android-arm-eabi@4.59.1", "", { "os": "android", "cpu": "arm" }, "sha512-xB0b51TB7IfDEzAojXahmr+gfA00uYVInJGgNNkeQG6RPnCPGr7udsylFLTubuIUSRE6FkcI1NElyRt83PP5oQ=="],

    "@rollup/rollup-android-arm64": ["@rollup/rollup-android-arm64@4.59.1", "", { "os": "android", "cpu": "arm64" }, "sha512-XOjPId0qwSDKHaIsdzHJtKCxX0+nH8MhBwvrNsT7tVyKmdTx1jJ4XzN5RZXCdTzMpufLb+B8llTC0D8uCrLhcw=="],

    "@rollup/rollup-darwin-arm64": ["@rollup/rollup-darwin-arm64@4.59.1", "", { "os": "darwin", "cpu": "arm64" }, "sha512-vQuRd28p0gQpPrS6kppd8IrWmFo42U8Pz1XLRjSZXq5zCqyMDYFABT7/sywL11mO1EL10Qhh7MVPEwkG8GiBeg=="],

    "@rollup/rollup-darwin-x64": ["@rollup/rollup-darwin-x64@4.59.1", "", { "os": "darwin", "cpu": "x64" }, "sha512-x6VG6U29+Ivlnajrg1IHdzXeAwSoEHBFVO+CtC9Brugx6de712CUJobRUxsIA0KYrQvCmzNrMPFTT1A4CCqNTg=="],

    "@rollup/rollup-freebsd-arm64": ["@rollup/rollup-freebsd-arm64@4.59.1", "", { "os": "freebsd", "cpu": "arm64" }, "sha512-Sgi0Uo6t1YCHJMNO3Y8+bm+SvOanUGkoZKn/VJPwYUe2kp31X5KnXmzKd/NjW8iA3gFcfNZ64zh14uOGrIllCQ=="],

    "@rollup/rollup-freebsd-x64": ["@rollup/rollup-freebsd-x64@4.59.1", "", { "os": "freebsd", "cpu": "x64" }, "sha512-AM4xnwEZwukdhk7laMWfzWu9JGSVnJd+Fowt6Fd7QW1nrf3h0Hp7Qx5881M4aqrUlKBCybOxz0jofvIIfl7C5g=="],

    "@rollup/rollup-linux-arm-gnueabihf": ["@rollup/rollup-linux-arm-gnueabihf@4.59.1", "", { "os": "linux", "cpu": "arm" }, "sha512-KUizqxpwaR2AZdAUsMWfL/C94pUu7TKpoPd88c8yFVixJ+l9hejkrwoK5Zj3wiNh65UeyryKnJyxL1b7yNqFQA=="],

    "@rollup/rollup-linux-arm-musleabihf": ["@rollup/rollup-linux-arm-musleabihf@4.59.1", "", { "os": "linux", "cpu": "arm" }, "sha512-MZoQ/am77ckJtZGFAtPucgUuJWiop3m2R3lw7tC0QCcbfl4DRhQUBUkHWCkcrT3pqy5Mzv5QQgY6Dmlba6iTWg=="],

    "@rollup/rollup-linux-arm64-gnu": ["@rollup/rollup-linux-arm64-gnu@4.59.1", "", { "os": "linux", "cpu": "arm64" }, "sha512-Sez95TP6xGjkWB1608EfhCX1gdGrO5wzyN99VqzRtC17x/1bhw5VU1V0GfKUwbW/Xr1J8mSasoFoJa6Y7aGGSA=="],

    "@rollup/rollup-linux-arm64-musl": ["@rollup/rollup-linux-arm64-musl@4.59.1", "", { "os": "linux", "cpu": "arm64" }, "sha512-9Cs2Seq98LWNOJzR89EGTZoiP8EkZ9UbQhBlDgfAkM6asVna1xJ04W2CLYWDN/RpUgOjtQvcv8wQVi1t5oQazA=="],

    "@rollup/rollup-linux-loong64-gnu": ["@rollup/rollup-linux-loong64-gnu@4.59.1", "", { "os": "linux", "cpu": "none" }, "sha512-n9yqttftgFy7IrNEnHy1bOp6B4OSe8mJDiPkT7EqlM9FnKOwUMnCK62ixW0Kd9Clw0/wgvh8+SqaDXMFvw3KqQ=="],

    "@rollup/rollup-linux-loong64-musl": ["@rollup/rollup-linux-loong64-musl@4.59.1", "", { "os": "linux", "cpu": "none" }, "sha512-SfpNXDzVTqs/riak4xXcLpq5gIQWsqGWMhN1AGRQKB4qGSs4r0sEs3ervXPcE1O9RsQ5bm8Muz6zmQpQnPss1g=="],

    "@rollup/rollup-linux-ppc64-gnu": ["@rollup/rollup-linux-ppc64-gnu@4.59.1", "", { "os": "linux", "cpu": "ppc64" }, "sha512-LjaChED0wQnjKZU+tsmGbN+9nN1XhaWUkAlSbTdhpEseCS4a15f/Q8xC2BN4GDKRzhhLZpYtJBZr2NZhR0jvNw=="],

    "@rollup/rollup-linux-ppc64-musl": ["@rollup/rollup-linux-ppc64-musl@4.59.1", "", { "os": "linux", "cpu": "ppc64" }, "sha512-ojW7iTJSIs4pwB2xV6QXGwNyDctvXOivYllttuPbXguuKDX5vwpqYJsHc6D2LZzjDGHML414Tuj3LvVPe1CT1A=="],

    "@rollup/rollup-linux-riscv64-gnu": ["@rollup/rollup-linux-riscv64-gnu@4.59.1", "", { "os": "linux", "cpu": "none" }, "sha512-FP+Q6WTcxxvsr0wQczhSE+tOZvFPV8A/mUE6mhZYFW9/eea/y/XqAgRoLLMuE9Cz0hfX5bi7p116IWoB+P237A=="],

    "@rollup/rollup-linux-riscv64-musl": ["@rollup/rollup-linux-riscv64-musl@4.59.1", "", { "os": "linux", "cpu": "none" }, "sha512-L1uD9b/Ig8Z+rn1KttCJjwhN1FgjRMBKsPaBsDKkfUl7GfFq71pU4vWCnpOsGljycFEbkHWARZLf4lMYg3WOLw=="],

    "@rollup/rollup-linux-s390x-gnu": ["@rollup/rollup-linux-s390x-gnu@4.59.1", "", { "os": "linux", "cpu": "s390x" }, "sha512-EZc9NGTk/oSUzzOD4nYY4gIjteo2M3CiozX6t1IXGCOdgxJTlVu/7EdPeiqeHPSIrxkLhavqpBAUCfvC6vBOug=="],

    "@rollup/rollup-linux-x64-gnu": ["@rollup/rollup-linux-x64-gnu@4.59.1", "https://europe-west4-npm.pkg.dev/lovable-core-prod/sandbox-npm-cache/@rollup/rollup-linux-x64-gnu/-/rollup-linux-x64-gnu-4.59.1.tgz", { "os": "linux", "cpu": "x64" }, ""],

    "@rollup/rollup-linux-x64-musl": ["@rollup/rollup-linux-x64-musl@4.59.1", "https://europe-west4-npm.pkg.dev/lovable-core-prod/sandbox-npm-cache/@rollup/rollup-linux-x64-musl/-/rollup-linux-x64-musl-4.59.1.tgz", { "os": "linux", "cpu": "x64" }, ""],

    "@rollup/rollup-openbsd-x64": ["@rollup/rollup-openbsd-x64@4.59.1", "", { "os": "openbsd", "cpu": "x64" }, "sha512-1hjG9Jpl2KDOetr64iQd8AZAEjkDUUK5RbDkYWsViYLC1op1oNzdjMJeFiofcGhqbNTaY2kfgqowE7DILifsrA=="],

    "@rollup/rollup-openharmony-arm64": ["@rollup/rollup-openharmony-arm64@4.59.1", "", { "os": "none", "cpu": "arm64" }, "sha512-ARoKfflk0SiiYm3r1fmF73K/yB+PThmOwfWCk1sr7x/k9dc3uGLWuEE9if+Pw21el8MSpp3TMnG5vLNsJ/MMGQ=="],

    "@rollup/rollup-win32-arm64-msvc": ["@rollup/rollup-win32-arm64-msvc@4.59.1", "", { "os": "win32", "cpu": "arm64" }, "sha512-oOST61G6VM45Mz2vdzWMr1s2slI7y9LqxEV5fCoWi2MDONmMvgsJVHSXxce/I2xOSZPTZ47nDPOl1tkwKWSHcw=="],

    "@rollup/rollup-win32-ia32-msvc": ["@rollup/rollup-win32-ia32-msvc@4.59.1", "", { "os": "win32", "cpu": "ia32" }, "sha512-x5WgLi5dWpRz7WclKBGEF15LcWTh0ewrHM6Cq4A+WUbkysUMZNeqt05bwPonOQ3ihPS/WMhAZV5zB1DfnI4Sxg=="],

    "@rollup/rollup-win32-x64-gnu": ["@rollup/rollup-win32-x64-gnu@4.59.1", "", { "os": "win32", "cpu": "x64" }, "sha512-wS+zHAJRVP5zOL0e+a3V3E/NTEwM2HEvvNKoDy5Xcfs0o8lljxn+EAFPkUsxihBdmDq1JWzXmmB9cbssCPdxxw=="],

    "@rollup/rollup-win32-x64-msvc": ["@rollup/rollup-win32-x64-msvc@4.59.1", "", { "os": "win32", "cpu": "x64" }, "sha512-rhHyrMeLpErT/C7BxcEsU4COHQUzHyrPYW5tOZUeUhziNtRuYxmDWvqQqzpuUt8xpOgmbKa1btGXfnA/ANVO+g=="],

    "@supabase/auth-js": ["@supabase/auth-js@2.103.2", "", { "dependencies": { "tslib": "2.8.1" } }, "sha512-gHCp8J7TJ3ZrNsT5NiJt8Sa5SK7QnotUtxkBEaJ/vuimZ6MsWn6p4JWoDc01uZBmJTiISH3gQqTF2/S+kglDIw=="],

    "@supabase/functions-js": ["@supabase/functions-js@2.103.2", "", { "dependencies": { "tslib": "2.8.1" } }, "sha512-VescBNuZPVcoFpH3R44YbLDDFPZnMtzBHuY1cNyL75h8Vlw9YBHv9qztVgDalKRoeA9wNQhuHqawXdTgCobhIQ=="],

    "@supabase/phoenix": ["@supabase/phoenix@0.4.0", "", {}, "sha512-RHSx8bHS02xwfHdAbX5Lpbo6PXbgyf7lTaXTlwtFDPwOIw64NnVRwFAXGojHhjtVYI+PEPNSWwkL90f4agN3bw=="],

    "@supabase/postgrest-js": ["@supabase/postgrest-js@2.103.2", "", { "dependencies": { "tslib": "2.8.1" } }, "sha512-Qi9Dn0azoI/RhaVnZsggeQg6MY+7jg3jHVPt2vlh9nojMjOBniTbBeSrdSSEdufpbwXxPne3Z13OPva1VmC9CA=="],

    "@supabase/realtime-js": ["@supabase/realtime-js@2.103.2", "", { "dependencies": { "@supabase/phoenix": "^0.4.0", "@types/ws": "^8.18.1", "tslib": "2.8.1", "ws": "^8.18.2" } }, "sha512-zj/JruFaSJScdtq0W2cI+WbLuQmwYBD8i++0YFlzwyAeeZy9RwEAfjT1mkvhBNHPCy2V4LIsE4F0rAHSGR8AOg=="],

    "@supabase/storage-js": ["@supabase/storage-js@2.103.2", "", { "dependencies": { "iceberg-js": "^0.8.1", "tslib": "2.8.1" } }, "sha512-d40lZ29EyWJ4cOTtSBH4myaRuYSa9kOdt+NFkUmR+a3SAy2VpbdI1/nE3QWIrdifOa4pxTo8RXGC3BngPMVhRw=="],

    "@supabase/supabase-js": ["@supabase/supabase-js@2.103.2", "", { "dependencies": { "@supabase/auth-js": "2.103.2", "@supabase/functions-js": "2.103.2", "@supabase/postgrest-js": "2.103.2", "@supabase/realtime-js": "2.103.2", "@supabase/storage-js": "2.103.2" } }, "sha512-GlC5me7/WlyS1ZCpwLoCm7ezggRWxyMxfckDhtnJvGanoVZAOnCKSqrNkjmDF8aufdh/kOoXRc/P3zJ/eUKMTg=="],

    "@swc/core": ["@swc/core@1.15.18", "https://europe-west4-npm.pkg.dev/lovable-core-prod/sandbox-npm-cache/@swc/core/-/core-1.15.18.tgz", { "dependencies": { "@swc/counter": "^0.1.3", "@swc/types": "^0.1.25" }, "optionalDependencies": { "@swc/core-darwin-arm64": "1.15.18", "@swc/core-darwin-x64": "1.15.18", "@swc/core-linux-arm-gnueabihf": "1.15.18", "@swc/core-linux-arm64-gnu": "1.15.18", "@swc/core-linux-arm64-musl": "1.15.18", "@swc/core-linux-x64-gnu": "1.15.18", "@swc/core-linux-x64-musl": "1.15.18", "@swc/core-win32-arm64-msvc": "1.15.18", "@swc/core-win32-ia32-msvc": "1.15.18", "@swc/core-win32-x64-msvc": "1.15.18" }, "peerDependencies": { "@swc/helpers": ">=0.5.17" }, "optionalPeers": ["@swc/helpers"] }, ""],

    "@swc/core-darwin-arm64": ["@swc/core-darwin-arm64@1.15.18", "", { "os": "darwin", "cpu": "arm64" }, "sha512-+mIv7uBuSaywN3C9LNuWaX1jJJ3SKfiJuE6Lr3bd+/1Iv8oMU7oLBjYMluX1UrEPzwN2qCdY6Io0yVicABoCwQ=="],

    "@swc/core-darwin-x64": ["@swc/core-darwin-x64@1.15.18", "", { "os": "darwin", "cpu": "x64" }, "sha512-wZle0eaQhnzxWX5V/2kEOI6Z9vl/lTFEC6V4EWcn+5pDjhemCpQv9e/TDJ0GIoiClX8EDWRvuZwh+Z3dhL1NAg=="],

    "@swc/core-linux-arm-gnueabihf": ["@swc/core-linux-arm-gnueabihf@1.15.18", "", { "os": "linux", "cpu": "arm" }, "sha512-ao61HGXVqrJFHAcPtF4/DegmwEkVCo4HApnotLU8ognfmU8x589z7+tcf3hU+qBiU1WOXV5fQX6W9Nzs6hjxDw=="],

    "@swc/core-linux-arm64-gnu": ["@swc/core-linux-arm64-gnu@1.15.18", "", { "os": "linux", "cpu": "arm64" }, "sha512-3xnctOBLIq3kj8PxOCgPrGjBLP/kNOddr6f5gukYt/1IZxsITQaU9TDyjeX6jG+FiCIHjCuWuffsyQDL5Ew1bg=="],

    "@swc/core-linux-arm64-musl": ["@swc/core-linux-arm64-musl@1.15.18", "", { "os": "linux", "cpu": "arm64" }, "sha512-0a+Lix+FSSHBSBOA0XznCcHo5/1nA6oLLjcnocvzXeqtdjnPb+SvchItHI+lfeiuj1sClYPDvPMLSLyXFaiIKw=="],

    "@swc/core-linux-x64-gnu": ["@swc/core-linux-x64-gnu@1.15.18", "https://europe-west4-npm.pkg.dev/lovable-core-prod/sandbox-npm-cache/@swc/core-linux-x64-gnu/-/core-linux-x64-gnu-1.15.18.tgz", { "os": "linux", "cpu": "x64" }, ""],

    "@swc/core-linux-x64-musl": ["@swc/core-linux-x64-musl@1.15.18", "https://europe-west4-npm.pkg.dev/lovable-core-prod/sandbox-npm-cache/@swc/core-linux-x64-musl/-/core-linux-x64-musl-1.15.18.tgz", { "os": "linux", "cpu": "x64" }, ""],

    "@swc/core-win32-arm64-msvc": ["@swc/core-win32-arm64-msvc@1.15.18", "", { "os": "win32", "cpu": "arm64" }, "sha512-zk0RYO+LjiBCat2RTMHzAWaMky0cra9loH4oRrLKLLNuL+jarxKLFDA8xTZWEkCPLjUTwlRN7d28eDLLMgtUcQ=="],

    "@swc/core-win32-ia32-msvc": ["@swc/core-win32-ia32-msvc@1.15.18", "", { "os": "win32", "cpu": "ia32" }, "sha512-yVuTrZ0RccD5+PEkpcLOBAuPbYBXS6rslENvIXfvJGXSdX5QGi1ehC4BjAMl5FkKLiam4kJECUI0l7Hq7T1vwg=="],

    "@swc/core-win32-x64-msvc": ["@swc/core-win32-x64-msvc@1.15.18", "", { "os": "win32", "cpu": "x64" }, "sha512-7NRmE4hmUQNCbYU3Hn9Tz57mK9Qq4c97ZS+YlamlK6qG9Fb5g/BB3gPDe0iLlJkns/sYv2VWSkm8c3NmbEGjbg=="],

    "@swc/counter": ["@swc/counter@0.1.3", "https://europe-west4-npm.pkg.dev/lovable-core-prod/sandbox-npm-cache/@swc/counter/-/counter-0.1.3.tgz", {}, ""],

    "@swc/types": ["@swc/types@0.1.25", "https://europe-west4-npm.pkg.dev/lovable-core-prod/sandbox-npm-cache/@swc/types/-/types-0.1.25.tgz", { "dependencies": { "@swc/counter": "^0.1.3" } }, ""],

    "@tailwindcss/container-queries": ["@tailwindcss/container-queries@0.1.1", "https://europe-west4-npm.pkg.dev/lovable-core-prod/sandbox-npm-cache/@tailwindcss/container-queries/-/container-queries-0.1.1.tgz", { "peerDependencies": { "tailwindcss": ">=3.2.0" } }, "sha512-p18dswChx6WnTSaJCSGx6lTmrGzNNvm2FtXmiO6AuA1V4U5REyoqwmT6kgAsIMdjo07QdAfYXHJ4hnMtfHzWgA=="],

    "@types/estree": ["@types/estree@1.0.8", "https://europe-west4-npm.pkg.dev/lovable-core-prod/sandbox-npm-cache/@types/estree/-/estree-1.0.8.tgz", {}, ""],

    "@types/geojson": ["@types/geojson@7946.0.16", "https://europe-west4-npm.pkg.dev/lovable-core-prod/sandbox-npm-cache/@types/geojson/-/geojson-7946.0.16.tgz", {}, ""],

    "@types/leaflet": ["@types/leaflet@1.9.21", "https://europe-west4-npm.pkg.dev/lovable-core-prod/sandbox-npm-cache/@types/leaflet/-/leaflet-1.9.21.tgz", { "dependencies": { "@types/geojson": "*" } }, ""],

    "@types/node": ["@types/node@25.6.0", "", { "dependencies": { "undici-types": "~7.19.0" } }, "sha512-+qIYRKdNYJwY3vRCZMdJbPLJAtGjQBudzZzdzwQYkEPQd+PJGixUL5QfvCLDaULoLv+RhT3LDkwEfKaAkgSmNQ=="],

    "@types/prop-types": ["@types/prop-types@15.7.15", "https://europe-west4-npm.pkg.dev/lovable-core-prod/sandbox-npm-cache/@types/prop-types/-/prop-types-15.7.15.tgz", {}, ""],

    "@types/react": ["@types/react@18.3.28", "https://europe-west4-npm.pkg.dev/lovable-core-prod/sandbox-npm-cache/@types/react/-/react-18.3.28.tgz", { "dependencies": { "@types/prop-types": "*", "csstype": "^3.2.2" } }, ""],

    "@types/react-dom": ["@types/react-dom@18.3.7", "https://europe-west4-npm.pkg.dev/lovable-core-prod/sandbox-npm-cache/@types/react-dom/-/react-dom-18.3.7.tgz", { "peerDependencies": { "@types/react": "^18.0.0" } }, ""],

    "@types/ws": ["@types/ws@8.18.1", "", { "dependencies": { "@types/node": "*" } }, "sha512-ThVF6DCVhA8kUGy+aazFQ4kXQ7E1Ty7A3ypFOe0IcJV8O/M511G99AW24irKrW56Wt44yG9+ij8FaqoBGkuBXg=="],

    "@vitejs/plugin-react-swc": ["@vitejs/plugin-react-swc@3.11.0", "https://europe-west4-npm.pkg.dev/lovable-core-prod/sandbox-npm-cache/@vitejs/plugin-react-swc/-/plugin-react-swc-3.11.0.tgz", { "dependencies": { "@rolldown/pluginutils": "1.0.0-beta.27", "@swc/core": "^1.12.11" }, "peerDependencies": { "vite": "^4 || ^5 || ^6 || ^7" } }, ""],

    "any-promise": ["any-promise@1.3.0", "https://europe-west4-npm.pkg.dev/lovable-core-prod/sandbox-npm-cache/any-promise/-/any-promise-1.3.0.tgz", {}, ""],

    "anymatch": ["anymatch@3.1.3", "https://europe-west4-npm.pkg.dev/lovable-core-prod/sandbox-npm-cache/anymatch/-/anymatch-3.1.3.tgz", { "dependencies": { "normalize-path": "^3.0.0", "picomatch": "^2.0.4" } }, ""],

    "arg": ["arg@5.0.2", "https://europe-west4-npm.pkg.dev/lovable-core-prod/sandbox-npm-cache/arg/-/arg-5.0.2.tgz", {}, ""],

    "autoprefixer": ["autoprefixer@10.4.27", "https://europe-west4-npm.pkg.dev/lovable-core-prod/sandbox-npm-cache/autoprefixer/-/autoprefixer-10.4.27.tgz", { "dependencies": { "browserslist": "^4.28.1", "caniuse-lite": "^1.0.30001774", "fraction.js": "^5.3.4", "picocolors": "^1.1.1", "postcss-value-parser": "^4.2.0" }, "peerDependencies": { "postcss": "^8.1.0" }, "bin": "bin/autoprefixer" }, ""],

    "baseline-browser-mapping": ["baseline-browser-mapping@2.10.10", "https://europe-west4-npm.pkg.dev/lovable-core-prod/sandbox-npm-cache/baseline-browser-mapping/-/baseline-browser-mapping-2.10.10.tgz", { "bin": "dist/cli.cjs" }, ""],

    "binary-extensions": ["binary-extensions@2.3.0", "https://europe-west4-npm.pkg.dev/lovable-core-prod/sandbox-npm-cache/binary-extensions/-/binary-extensions-2.3.0.tgz", {}, ""],

    "braces": ["braces@3.0.3", "https://europe-west4-npm.pkg.dev/lovable-core-prod/sandbox-npm-cache/braces/-/braces-3.0.3.tgz", { "dependencies": { "fill-range": "^7.1.1" } }, ""],

    "browserslist": ["browserslist@4.28.1", "https://europe-west4-npm.pkg.dev/lovable-core-prod/sandbox-npm-cache/browserslist/-/browserslist-4.28.1.tgz", { "dependencies": { "baseline-browser-mapping": "^2.9.0", "caniuse-lite": "^1.0.30001759", "electron-to-chromium": "^1.5.263", "node-releases": "^2.0.27", "update-browserslist-db": "^1.2.0" }, "bin": "cli.js" }, ""],

    "camelcase-css": ["camelcase-css@2.0.1", "https://europe-west4-npm.pkg.dev/lovable-core-prod/sandbox-npm-cache/camelcase-css/-/camelcase-css-2.0.1.tgz", {}, ""],

    "caniuse-lite": ["caniuse-lite@1.0.30001780", "https://europe-west4-npm.pkg.dev/lovable-core-prod/sandbox-npm-cache/caniuse-lite/-/caniuse-lite-1.0.30001780.tgz", {}, ""],

    "chokidar": ["chokidar@3.6.0", "https://europe-west4-npm.pkg.dev/lovable-core-prod/sandbox-npm-cache/chokidar/-/chokidar-3.6.0.tgz", { "dependencies": { "anymatch": "~3.1.2", "braces": "~3.0.2", "glob-parent": "~5.1.2", "is-binary-path": "~2.1.0", "is-glob": "~4.0.1", "normalize-path": "~3.0.0", "readdirp": "~3.6.0" }, "optionalDependencies": { "fsevents": "~2.3.2" } }, ""],

    "commander": ["commander@4.1.1", "https://europe-west4-npm.pkg.dev/lovable-core-prod/sandbox-npm-cache/commander/-/commander-4.1.1.tgz", {}, ""],

    "cssesc": ["cssesc@3.0.0", "https://europe-west4-npm.pkg.dev/lovable-core-prod/sandbox-npm-cache/cssesc/-/cssesc-3.0.0.tgz", { "bin": "bin/cssesc" }, ""],

    "csstype": ["csstype@3.2.3", "https://europe-west4-npm.pkg.dev/lovable-core-prod/sandbox-npm-cache/csstype/-/csstype-3.2.3.tgz", {}, ""],

    "didyoumean": ["didyoumean@1.2.2", "https://europe-west4-npm.pkg.dev/lovable-core-prod/sandbox-npm-cache/didyoumean/-/didyoumean-1.2.2.tgz", {}, ""],

    "dlv": ["dlv@1.1.3", "https://europe-west4-npm.pkg.dev/lovable-core-prod/sandbox-npm-cache/dlv/-/dlv-1.1.3.tgz", {}, ""],

    "electron-to-chromium": ["electron-to-chromium@1.5.321", "https://europe-west4-npm.pkg.dev/lovable-core-prod/sandbox-npm-cache/electron-to-chromium/-/electron-to-chromium-1.5.321.tgz", {}, ""],

    "esbuild": ["esbuild@0.21.5", "https://europe-west4-npm.pkg.dev/lovable-core-prod/sandbox-npm-cache/esbuild/-/esbuild-0.21.5.tgz", { "optionalDependencies": { "@esbuild/aix-ppc64": "0.21.5", "@esbuild/android-arm": "0.21.5", "@esbuild/android-arm64": "0.21.5", "@esbuild/android-x64": "0.21.5", "@esbuild/darwin-arm64": "0.21.5", "@esbuild/darwin-x64": "0.21.5", "@esbuild/freebsd-arm64": "0.21.5", "@esbuild/freebsd-x64": "0.21.5", "@esbuild/linux-arm": "0.21.5", "@esbuild/linux-arm64": "0.21.5", "@esbuild/linux-ia32": "0.21.5", "@esbuild/linux-loong64": "0.21.5", "@esbuild/linux-mips64el": "0.21.5", "@esbuild/linux-ppc64": "0.21.5", "@esbuild/linux-riscv64": "0.21.5", "@esbuild/linux-s390x": "0.21.5", "@esbuild/linux-x64": "0.21.5", "@esbuild/netbsd-x64": "0.21.5", "@esbuild/openbsd-x64": "0.21.5", "@esbuild/sunos-x64": "0.21.5", "@esbuild/win32-arm64": "0.21.5", "@esbuild/win32-ia32": "0.21.5", "@esbuild/win32-x64": "0.21.5" }, "bin": "bin/esbuild" }, ""],

    "escalade": ["escalade@3.2.0", "https://europe-west4-npm.pkg.dev/lovable-core-prod/sandbox-npm-cache/escalade/-/escalade-3.2.0.tgz", {}, ""],

    "fast-glob": ["fast-glob@3.3.3", "https://europe-west4-npm.pkg.dev/lovable-core-prod/sandbox-npm-cache/fast-glob/-/fast-glob-3.3.3.tgz", { "dependencies": { "@nodelib/fs.stat": "^2.0.2", "@nodelib/fs.walk": "^1.2.3", "glob-parent": "^5.1.2", "merge2": "^1.3.0", "micromatch": "^4.0.8" } }, ""],

    "fastq": ["fastq@1.20.1", "https://europe-west4-npm.pkg.dev/lovable-core-prod/sandbox-npm-cache/fastq/-/fastq-1.20.1.tgz", { "dependencies": { "reusify": "^1.0.4" } }, ""],

    "fdir": ["fdir@6.5.0", "https://europe-west4-npm.pkg.dev/lovable-core-prod/sandbox-npm-cache/fdir/-/fdir-6.5.0.tgz", { "peerDependencies": { "picomatch": "^3 || ^4" } }, ""],

    "fill-range": ["fill-range@7.1.1", "https://europe-west4-npm.pkg.dev/lovable-core-prod/sandbox-npm-cache/fill-range/-/fill-range-7.1.1.tgz", { "dependencies": { "to-regex-range": "^5.0.1" } }, ""],

    "fraction.js": ["fraction.js@5.3.4", "https://europe-west4-npm.pkg.dev/lovable-core-prod/sandbox-npm-cache/fraction.js/-/fraction.js-5.3.4.tgz", {}, ""],

    "fsevents": ["fsevents@2.3.3", "", { "os": "darwin" }, "sha512-5xoDfX+fL7faATnagmWPpbFtwh/R77WmMMqqHGS65C3vvB0YHrgF+B1YmZ3441tMj5n63k0212XNoJwzlhffQw=="],

    "function-bind": ["function-bind@1.1.2", "https://europe-west4-npm.pkg.dev/lovable-core-prod/sandbox-npm-cache/function-bind/-/function-bind-1.1.2.tgz", {}, ""],

    "glob-parent": ["glob-parent@6.0.2", "https://europe-west4-npm.pkg.dev/lovable-core-prod/sandbox-npm-cache/glob-parent/-/glob-parent-6.0.2.tgz", { "dependencies": { "is-glob": "^4.0.3" } }, ""],

    "hasown": ["hasown@2.0.2", "https://europe-west4-npm.pkg.dev/lovable-core-prod/sandbox-npm-cache/hasown/-/hasown-2.0.2.tgz", { "dependencies": { "function-bind": "^1.1.2" } }, ""],

    "iceberg-js": ["iceberg-js@0.8.1", "", {}, "sha512-1dhVQZXhcHje7798IVM+xoo/1ZdVfzOMIc8/rgVSijRK38EDqOJoGula9N/8ZI5RD8QTxNQtK/Gozpr+qUqRRA=="],

    "is-binary-path": ["is-binary-path@2.1.0", "https://europe-west4-npm.pkg.dev/lovable-core-prod/sandbox-npm-cache/is-binary-path/-/is-binary-path-2.1.0.tgz", { "dependencies": { "binary-extensions": "^2.0.0" } }, ""],

    "is-core-module": ["is-core-module@2.16.1", "https://europe-west4-npm.pkg.dev/lovable-core-prod/sandbox-npm-cache/is-core-module/-/is-core-module-2.16.1.tgz", { "dependencies": { "hasown": "^2.0.2" } }, ""],

    "is-extglob": ["is-extglob@2.1.1", "https://europe-west4-npm.pkg.dev/lovable-core-prod/sandbox-npm-cache/is-extglob/-/is-extglob-2.1.1.tgz", {}, ""],

    "is-glob": ["is-glob@4.0.3", "https://europe-west4-npm.pkg.dev/lovable-core-prod/sandbox-npm-cache/is-glob/-/is-glob-4.0.3.tgz", { "dependencies": { "is-extglob": "^2.1.1" } }, ""],

    "is-number": ["is-number@7.0.0", "https://europe-west4-npm.pkg.dev/lovable-core-prod/sandbox-npm-cache/is-number/-/is-number-7.0.0.tgz", {}, ""],

    "jiti": ["jiti@1.21.7", "https://europe-west4-npm.pkg.dev/lovable-core-prod/sandbox-npm-cache/jiti/-/jiti-1.21.7.tgz", { "bin": "bin/jiti.js" }, ""],

    "js-tokens": ["js-tokens@4.0.0", "https://europe-west4-npm.pkg.dev/lovable-core-prod/sandbox-npm-cache/js-tokens/-/js-tokens-4.0.0.tgz", {}, ""],

    "leaflet": ["leaflet@1.9.4", "https://europe-west4-npm.pkg.dev/lovable-core-prod/sandbox-npm-cache/leaflet/-/leaflet-1.9.4.tgz", {}, ""],

    "lilconfig": ["lilconfig@3.1.3", "https://europe-west4-npm.pkg.dev/lovable-core-prod/sandbox-npm-cache/lilconfig/-/lilconfig-3.1.3.tgz", {}, ""],

    "lines-and-columns": ["lines-and-columns@1.2.4", "https://europe-west4-npm.pkg.dev/lovable-core-prod/sandbox-npm-cache/lines-and-columns/-/lines-and-columns-1.2.4.tgz", {}, ""],

    "loose-envify": ["loose-envify@1.4.0", "https://europe-west4-npm.pkg.dev/lovable-core-prod/sandbox-npm-cache/loose-envify/-/loose-envify-1.4.0.tgz", { "dependencies": { "js-tokens": "^3.0.0 || ^4.0.0" }, "bin": "cli.js" }, ""],

    "lucide-react": ["lucide-react@0.462.0", "https://europe-west4-npm.pkg.dev/lovable-core-prod/sandbox-npm-cache/lucide-react/-/lucide-react-0.462.0.tgz", { "peerDependencies": { "react": "^16.5.1 || ^17.0.0 || ^18.0.0 || ^19.0.0-rc" } }, ""],

    "merge2": ["merge2@1.4.1", "https://europe-west4-npm.pkg.dev/lovable-core-prod/sandbox-npm-cache/merge2/-/merge2-1.4.1.tgz", {}, ""],

    "micromatch": ["micromatch@4.0.8", "https://europe-west4-npm.pkg.dev/lovable-core-prod/sandbox-npm-cache/micromatch/-/micromatch-4.0.8.tgz", { "dependencies": { "braces": "^3.0.3", "picomatch": "^2.3.1" } }, ""],

    "mz": ["mz@2.7.0", "https://europe-west4-npm.pkg.dev/lovable-core-prod/sandbox-npm-cache/mz/-/mz-2.7.0.tgz", { "dependencies": { "any-promise": "^1.0.0", "object-assign": "^4.0.1", "thenify-all": "^1.0.0" } }, ""],

    "nanoid": ["nanoid@3.3.11", "https://europe-west4-npm.pkg.dev/lovable-core-prod/sandbox-npm-cache/nanoid/-/nanoid-3.3.11.tgz", { "bin": "bin/nanoid.cjs" }, ""],

    "node-releases": ["node-releases@2.0.36", "https://europe-west4-npm.pkg.dev/lovable-core-prod/sandbox-npm-cache/node-releases/-/node-releases-2.0.36.tgz", {}, ""],

    "normalize-path": ["normalize-path@3.0.0", "https://europe-west4-npm.pkg.dev/lovable-core-prod/sandbox-npm-cache/normalize-path/-/normalize-path-3.0.0.tgz", {}, ""],

    "object-assign": ["object-assign@4.1.1", "https://europe-west4-npm.pkg.dev/lovable-core-prod/sandbox-npm-cache/object-assign/-/object-assign-4.1.1.tgz", {}, ""],

    "object-hash": ["object-hash@3.0.0", "https://europe-west4-npm.pkg.dev/lovable-core-prod/sandbox-npm-cache/object-hash/-/object-hash-3.0.0.tgz", {}, ""],

    "path-parse": ["path-parse@1.0.7", "https://europe-west4-npm.pkg.dev/lovable-core-prod/sandbox-npm-cache/path-parse/-/path-parse-1.0.7.tgz", {}, ""],

    "picocolors": ["picocolors@1.1.1", "https://europe-west4-npm.pkg.dev/lovable-core-prod/sandbox-npm-cache/picocolors/-/picocolors-1.1.1.tgz", {}, ""],

    "picomatch": ["picomatch@2.3.1", "", {}, "sha512-JU3teHTNjmE2VCGFzuY8EXzCDVwEqB2a8fsIvwaStHhAWJEeVd1o1QD80CU6+ZdEXXSLbSsuLwJjkCBWqRQUVA=="],

    "pify": ["pify@2.3.0", "https://europe-west4-npm.pkg.dev/lovable-core-prod/sandbox-npm-cache/pify/-/pify-2.3.0.tgz", {}, ""],

    "pirates": ["pirates@4.0.7", "https://europe-west4-npm.pkg.dev/lovable-core-prod/sandbox-npm-cache/pirates/-/pirates-4.0.7.tgz", {}, ""],

    "postcss": ["postcss@8.5.8", "https://europe-west4-npm.pkg.dev/lovable-core-prod/sandbox-npm-cache/postcss/-/postcss-8.5.8.tgz", { "dependencies": { "nanoid": "^3.3.11", "picocolors": "^1.1.1", "source-map-js": "^1.2.1" } }, ""],

    "postcss-import": ["postcss-import@15.1.0", "https://europe-west4-npm.pkg.dev/lovable-core-prod/sandbox-npm-cache/postcss-import/-/postcss-import-15.1.0.tgz", { "dependencies": { "postcss-value-parser": "^4.0.0", "read-cache": "^1.0.0", "resolve": "^1.1.7" }, "peerDependencies": { "postcss": "^8.0.0" } }, ""],

    "postcss-js": ["postcss-js@4.1.0", "https://europe-west4-npm.pkg.dev/lovable-core-prod/sandbox-npm-cache/postcss-js/-/postcss-js-4.1.0.tgz", { "dependencies": { "camelcase-css": "^2.0.1" }, "peerDependencies": { "postcss": "^8.4.21" } }, ""],

    "postcss-load-config": ["postcss-load-config@6.0.1", "https://europe-west4-npm.pkg.dev/lovable-core-prod/sandbox-npm-cache/postcss-load-config/-/postcss-load-config-6.0.1.tgz", { "dependencies": { "lilconfig": "^3.1.1" }, "peerDependencies": { "jiti": ">=1.21.0", "postcss": ">=8.0.9", "tsx": "^4.8.1", "yaml": "^2.4.2" }, "optionalPeers": ["tsx", "yaml"] }, ""],

    "postcss-nested": ["postcss-nested@6.2.0", "https://europe-west4-npm.pkg.dev/lovable-core-prod/sandbox-npm-cache/postcss-nested/-/postcss-nested-6.2.0.tgz", { "dependencies": { "postcss-selector-parser": "^6.1.1" }, "peerDependencies": { "postcss": "^8.2.14" } }, ""],

    "postcss-selector-parser": ["postcss-selector-parser@6.1.2", "https://europe-west4-npm.pkg.dev/lovable-core-prod/sandbox-npm-cache/postcss-selector-parser/-/postcss-selector-parser-6.1.2.tgz", { "dependencies": { "cssesc": "^3.0.0", "util-deprecate": "^1.0.2" } }, ""],

    "postcss-value-parser": ["postcss-value-parser@4.2.0", "https://europe-west4-npm.pkg.dev/lovable-core-prod/sandbox-npm-cache/postcss-value-parser/-/postcss-value-parser-4.2.0.tgz", {}, ""],

    "queue-microtask": ["queue-microtask@1.2.3", "https://europe-west4-npm.pkg.dev/lovable-core-prod/sandbox-npm-cache/queue-microtask/-/queue-microtask-1.2.3.tgz", {}, ""],

    "react": ["react@18.3.1", "https://europe-west4-npm.pkg.dev/lovable-core-prod/sandbox-npm-cache/react/-/react-18.3.1.tgz", { "dependencies": { "loose-envify": "^1.1.0" } }, ""],

    "react-dom": ["react-dom@18.3.1", "https://europe-west4-npm.pkg.dev/lovable-core-prod/sandbox-npm-cache/react-dom/-/react-dom-18.3.1.tgz", { "dependencies": { "loose-envify": "^1.1.0", "scheduler": "^0.23.2" }, "peerDependencies": { "react": "^18.3.1" } }, ""],

    "react-router": ["react-router@6.30.3", "https://europe-west4-npm.pkg.dev/lovable-core-prod/sandbox-npm-cache/react-router/-/react-router-6.30.3.tgz", { "dependencies": { "@remix-run/router": "1.23.2" }, "peerDependencies": { "react": ">=16.8" } }, ""],

    "react-router-dom": ["react-router-dom@6.30.3", "https://europe-west4-npm.pkg.dev/lovable-core-prod/sandbox-npm-cache/react-router-dom/-/react-router-dom-6.30.3.tgz", { "dependencies": { "@remix-run/router": "1.23.2", "react-router": "6.30.3" }, "peerDependencies": { "react": ">=16.8", "react-dom": ">=16.8" } }, ""],

    "read-cache": ["read-cache@1.0.0", "https://europe-west4-npm.pkg.dev/lovable-core-prod/sandbox-npm-cache/read-cache/-/read-cache-1.0.0.tgz", { "dependencies": { "pify": "^2.3.0" } }, ""],

    "readdirp": ["readdirp@3.6.0", "https://europe-west4-npm.pkg.dev/lovable-core-prod/sandbox-npm-cache/readdirp/-/readdirp-3.6.0.tgz", { "dependencies": { "picomatch": "^2.2.1" } }, ""],

    "resolve": ["resolve@1.22.11", "https://europe-west4-npm.pkg.dev/lovable-core-prod/sandbox-npm-cache/resolve/-/resolve-1.22.11.tgz", { "dependencies": { "is-core-module": "^2.16.1", "path-parse": "^1.0.7", "supports-preserve-symlinks-flag": "^1.0.0" }, "bin": "bin/resolve" }, ""],

    "reusify": ["reusify@1.1.0", "https://europe-west4-npm.pkg.dev/lovable-core-prod/sandbox-npm-cache/reusify/-/reusify-1.1.0.tgz", {}, ""],

    "rollup": ["rollup@4.59.1", "https://europe-west4-npm.pkg.dev/lovable-core-prod/sandbox-npm-cache/rollup/-/rollup-4.59.1.tgz", { "dependencies": { "@types/estree": "1.0.8" }, "optionalDependencies": { "@rollup/rollup-android-arm-eabi": "4.59.1", "@rollup/rollup-android-arm64": "4.59.1", "@rollup/rollup-darwin-arm64": "4.59.1", "@rollup/rollup-darwin-x64": "4.59.1", "@rollup/rollup-freebsd-arm64": "4.59.1", "@rollup/rollup-freebsd-x64": "4.59.1", "@rollup/rollup-linux-arm-gnueabihf": "4.59.1", "@rollup/rollup-linux-arm-musleabihf": "4.59.1", "@rollup/rollup-linux-arm64-gnu": "4.59.1", "@rollup/rollup-linux-arm64-musl": "4.59.1", "@rollup/rollup-linux-loong64-gnu": "4.59.1", "@rollup/rollup-linux-loong64-musl": "4.59.1", "@rollup/rollup-linux-ppc64-gnu": "4.59.1", "@rollup/rollup-linux-ppc64-musl": "4.59.1", "@rollup/rollup-linux-riscv64-gnu": "4.59.1", "@rollup/rollup-linux-riscv64-musl": "4.59.1", "@rollup/rollup-linux-s390x-gnu": "4.59.1", "@rollup/rollup-linux-x64-gnu": "4.59.1", "@rollup/rollup-linux-x64-musl": "4.59.1", "@rollup/rollup-openbsd-x64": "4.59.1", "@rollup/rollup-openharmony-arm64": "4.59.1", "@rollup/rollup-win32-arm64-msvc": "4.59.1", "@rollup/rollup-win32-ia32-msvc": "4.59.1", "@rollup/rollup-win32-x64-gnu": "4.59.1", "@rollup/rollup-win32-x64-msvc": "4.59.1", "fsevents": "~2.3.2" }, "bin": "dist/bin/rollup" }, ""],

    "run-parallel": ["run-parallel@1.2.0", "https://europe-west4-npm.pkg.dev/lovable-core-prod/sandbox-npm-cache/run-parallel/-/run-parallel-1.2.0.tgz", { "dependencies": { "queue-microtask": "^1.2.2" } }, ""],

    "scheduler": ["scheduler@0.23.2", "https://europe-west4-npm.pkg.dev/lovable-core-prod/sandbox-npm-cache/scheduler/-/scheduler-0.23.2.tgz", { "dependencies": { "loose-envify": "^1.1.0" } }, ""],

    "source-map-js": ["source-map-js@1.2.1", "https://europe-west4-npm.pkg.dev/lovable-core-prod/sandbox-npm-cache/source-map-js/-/source-map-js-1.2.1.tgz", {}, ""],

    "sucrase": ["sucrase@3.35.1", "https://europe-west4-npm.pkg.dev/lovable-core-prod/sandbox-npm-cache/sucrase/-/sucrase-3.35.1.tgz", { "dependencies": { "@jridgewell/gen-mapping": "^0.3.2", "commander": "^4.0.0", "lines-and-columns": "^1.1.6", "mz": "^2.7.0", "pirates": "^4.0.1", "tinyglobby": "^0.2.11", "ts-interface-checker": "^0.1.9" }, "bin": { "sucrase": "bin/sucrase", "sucrase-node": "bin/sucrase-node" } }, ""],

    "supports-preserve-symlinks-flag": ["supports-preserve-symlinks-flag@1.0.0", "https://europe-west4-npm.pkg.dev/lovable-core-prod/sandbox-npm-cache/supports-preserve-symlinks-flag/-/supports-preserve-symlinks-flag-1.0.0.tgz", {}, ""],

    "tailwindcss": ["tailwindcss@3.4.19", "https://europe-west4-npm.pkg.dev/lovable-core-prod/sandbox-npm-cache/tailwindcss/-/tailwindcss-3.4.19.tgz", { "dependencies": { "@alloc/quick-lru": "^5.2.0", "arg": "^5.0.2", "chokidar": "^3.6.0", "didyoumean": "^1.2.2", "dlv": "^1.1.3", "fast-glob": "^3.3.2", "glob-parent": "^6.0.2", "is-glob": "^4.0.3", "jiti": "^1.21.7", "lilconfig": "^3.1.3", "micromatch": "^4.0.8", "normalize-path": "^3.0.0", "object-hash": "^3.0.0", "picocolors": "^1.1.1", "postcss": "^8.4.47", "postcss-import": "^15.1.0", "postcss-js": "^4.0.1", "postcss-load-config": "^4.0.2 || ^5.0 || ^6.0", "postcss-nested": "^6.2.0", "postcss-selector-parser": "^6.1.2", "resolve": "^1.22.8", "sucrase": "^3.35.0" }, "bin": { "tailwind": "lib/cli.js", "tailwindcss": "lib/cli.js" } }, ""],

    "thenify": ["thenify@3.3.1", "https://europe-west4-npm.pkg.dev/lovable-core-prod/sandbox-npm-cache/thenify/-/thenify-3.3.1.tgz", { "dependencies": { "any-promise": "^1.0.0" } }, ""],

    "thenify-all": ["thenify-all@1.6.0", "https://europe-west4-npm.pkg.dev/lovable-core-prod/sandbox-npm-cache/thenify-all/-/thenify-all-1.6.0.tgz", { "dependencies": { "thenify": ">= 3.1.0 < 4" } }, ""],

    "tinyglobby": ["tinyglobby@0.2.15", "https://europe-west4-npm.pkg.dev/lovable-core-prod/sandbox-npm-cache/tinyglobby/-/tinyglobby-0.2.15.tgz", { "dependencies": { "fdir": "^6.5.0", "picomatch": "^4.0.3" } }, ""],

    "to-regex-range": ["to-regex-range@5.0.1", "https://europe-west4-npm.pkg.dev/lovable-core-prod/sandbox-npm-cache/to-regex-range/-/to-regex-range-5.0.1.tgz", { "dependencies": { "is-number": "^7.0.0" } }, ""],

    "ts-interface-checker": ["ts-interface-checker@0.1.13", "https://europe-west4-npm.pkg.dev/lovable-core-prod/sandbox-npm-cache/ts-interface-checker/-/ts-interface-checker-0.1.13.tgz", {}, ""],

    "tslib": ["tslib@2.8.1", "", {}, "sha512-oJFu94HQb+KVduSUQL7wnpmqnfmLsOA/nAh6b6EH0wCEoK0/mPeXU6c3wKDV83MkOuHPRHtSXKKU99IBazS/2w=="],

    "typescript": ["typescript@5.9.3", "https://europe-west4-npm.pkg.dev/lovable-core-prod/sandbox-npm-cache/typescript/-/typescript-5.9.3.tgz", { "bin": { "tsc": "bin/tsc", "tsserver": "bin/tsserver" } }, ""],

    "undici-types": ["undici-types@7.19.2", "", {}, "sha512-qYVnV5OEm2AW8cJMCpdV20CDyaN3g0AjDlOGf1OW4iaDEx8MwdtChUp4zu4H0VP3nDRF/8RKWH+IPp9uW0YGZg=="],

    "update-browserslist-db": ["update-browserslist-db@1.2.3", "https://europe-west4-npm.pkg.dev/lovable-core-prod/sandbox-npm-cache/update-browserslist-db/-/update-browserslist-db-1.2.3.tgz", { "dependencies": { "escalade": "^3.2.0", "picocolors": "^1.1.1" }, "peerDependencies": { "browserslist": ">= 4.21.0" }, "bin": "cli.js" }, ""],

    "util-deprecate": ["util-deprecate@1.0.2", "https://europe-west4-npm.pkg.dev/lovable-core-prod/sandbox-npm-cache/util-deprecate/-/util-deprecate-1.0.2.tgz", {}, ""],

    "vite": ["vite@5.4.21", "https://europe-west4-npm.pkg.dev/lovable-core-prod/sandbox-npm-cache/vite/-/vite-5.4.21.tgz", { "dependencies": { "esbuild": "^0.21.3", "postcss": "^8.4.43", "rollup": "^4.20.0" }, "optionalDependencies": { "fsevents": "~2.3.3" }, "peerDependencies": { "@types/node": "^18.0.0 || >=20.0.0", "less": "*", "lightningcss": "^1.21.0", "sass": "*", "sass-embedded": "*", "stylus": "*", "sugarss": "*", "terser": "^5.4.0" }, "optionalPeers": ["less", "lightningcss", "sass", "sass-embedded", "stylus", "sugarss", "terser"], "bin": "bin/vite.js" }, ""],

    "ws": ["ws@8.20.0", "", { "peerDependencies": { "bufferutil": "^4.0.1", "utf-8-validate": ">=5.0.2" }, "optionalPeers": ["bufferutil", "utf-8-validate"] }, "sha512-sAt8BhgNbzCtgGbt2OxmpuryO63ZoDk/sqaB/znQm94T4fCEsy/yV+7CdC1kJhOU9lboAEU7R3kquuycDoibVA=="],

    "chokidar/glob-parent": ["glob-parent@5.1.2", "https://europe-west4-npm.pkg.dev/lovable-core-prod/sandbox-npm-cache/glob-parent/-/glob-parent-5.1.2.tgz", { "dependencies": { "is-glob": "^4.0.1" } }, ""],

    "fast-glob/glob-parent": ["glob-parent@5.1.2", "https://europe-west4-npm.pkg.dev/lovable-core-prod/sandbox-npm-cache/glob-parent/-/glob-parent-5.1.2.tgz", { "dependencies": { "is-glob": "^4.0.1" } }, ""],

    "fdir/picomatch": ["picomatch@4.0.3", "", {}, "sha512-5gTmgEY/sqK6gFXLIsQNH19lWb4ebPDLA4SdLP7dsWkIXHWlG66oPuVvXSGFPppYZz8ZDZq0dYYrbHfBCVUb1Q=="],

    "tinyglobby/picomatch": ["picomatch@4.0.3", "", {}, "sha512-5gTmgEY/sqK6gFXLIsQNH19lWb4ebPDLA4SdLP7dsWkIXHWlG66oPuVvXSGFPppYZz8ZDZq0dYYrbHfBCVUb1Q=="],
  }
}
